
Microsoft Visual Studio Solution File, Format Version 12.00
# Visual Studio Version 17
VisualStudioVersion = 17.8.34330.188
MinimumVisualStudioVersion = 10.0.40219.1
Project("{9A19103F-16F7-4668-BE54-9A1E7A4F7556}") = "HAR.Web", "HAR.Web\HAR.Web.csproj", "{C7253D74-A56E-4345-B689-DC02C71EC116}"
EndProject
Project("{9A19103F-16F7-4668-BE54-9A1E7A4F7556}") = "HAR.Service", "HAR.Service\HAR.Service.csproj", "{1DA4014F-B04E-477B-AA45-4FDF3D5CFF0F}"
EndProject
Project("{9A19103F-16F7-4668-BE54-9A1E7A4F7556}") = "HAR.Data", "HAR.Data\HAR.Data.csproj", "{28E5453D-E31D-472C-A1BD-9839116712E2}"
EndProject
Project("{9A19103F-16F7-4668-BE54-9A1E7A4F7556}") = "HAR.Common", "HAR.Common\HAR.Common.csproj", "{F4F7A309-B182-46BF-BC62-69906550865A}"
EndProject
Project("{FAE04EC0-301F-11D3-BF4B-00C04F79EFBC}") = "HAR.Tests", "HAR.Tests\HAR.Tests.csproj", "{993CE3E4-D57F-493F-BD81-2BDD5C725AD1}"
EndProject
Global
	GlobalSection(SolutionConfigurationPlatforms) = preSolution
		Debug|Any CPU = Debug|Any CPU
		Release|Any CPU = Release|Any CPU
	EndGlobalSection
	GlobalSection(ProjectConfigurationPlatforms) = postSolution
		{C7253D74-A56E-4345-B689-DC02C71EC116}.Debug|Any CPU.ActiveCfg = Debug|Any CPU
		{C7253D74-A56E-4345-B689-DC02C71EC116}.Debug|Any CPU.Build.0 = Debug|Any CPU
		{C7253D74-A56E-4345-B689-DC02C71EC116}.Release|Any CPU.ActiveCfg = Release|Any CPU
		{C7253D74-A56E-4345-B689-DC02C71EC116}.Release|Any CPU.Build.0 = Release|Any CPU
		{1DA4014F-B04E-477B-AA45-4FDF3D5CFF0F}.Debug|Any CPU.ActiveCfg = Debug|Any CPU
		{1DA4014F-B04E-477B-AA45-4FDF3D5CFF0F}.Debug|Any CPU.Build.0 = Debug|Any CPU
		{1DA4014F-B04E-477B-AA45-4FDF3D5CFF0F}.Release|Any CPU.ActiveCfg = Release|Any CPU
		{1DA4014F-B04E-477B-AA45-4FDF3D5CFF0F}.Release|Any CPU.Build.0 = Release|Any CPU
		{28E5453D-E31D-472C-A1BD-9839116712E2}.Debug|Any CPU.ActiveCfg = Debug|Any CPU
		{28E5453D-E31D-472C-A1BD-9839116712E2}.Debug|Any CPU.Build.0 = Debug|Any CPU
		{28E5453D-E31D-472C-A1BD-9839116712E2}.Release|Any CPU.ActiveCfg = Release|Any CPU
		{28E5453D-E31D-472C-A1BD-9839116712E2}.Release|Any CPU.Build.0 = Release|Any CPU
		{F4F7A309-B182-46BF-BC62-69906550865A}.Debug|Any CPU.ActiveCfg = Debug|Any CPU
		{F4F7A309-B182-46BF-BC62-69906550865A}.Debug|Any CPU.Build.0 = Debug|Any CPU
		{F4F7A309-B182-46BF-BC62-69906550865A}.Release|Any CPU.ActiveCfg = Release|Any CPU
		{F4F7A309-B182-46BF-BC62-69906550865A}.Release|Any CPU.Build.0 = Release|Any CPU
		{993CE3E4-D57F-493F-BD81-2BDD5C725AD1}.Debug|Any CPU.ActiveCfg = Debug|Any CPU
		{993CE3E4-D57F-493F-BD81-2BDD5C725AD1}.Debug|Any CPU.Build.0 = Debug|Any CPU
		{993CE3E4-D57F-493F-BD81-2BDD5C725AD1}.Release|Any CPU.ActiveCfg = Release|Any CPU
		{993CE3E4-D57F-493F-BD81-2BDD5C725AD1}.Release|Any CPU.Build.0 = Release|Any CPU
	EndGlobalSection
	GlobalSection(SolutionProperties) = preSolution
		HideSolutionNode = FALSE
	EndGlobalSection
	GlobalSection(ExtensibilityGlobals) = postSolution
		SolutionGuid = {B5080A1C-5A45-4E05-BF6F-900B8B46CF1B}
	EndGlobalSection
EndGlobal
